github.com/BurntSushi/toml v0.3.0 h1:e1/Ivsx3Z0FVTV0NSOv/aVgbUWyQuzj7DDnFblkRvsY=
github.com/BurntSushi/toml v0.3.0/go.mod h1:xHWCNGjB5oqiDr8zfno3MHue2Ht5sIBksp03qcyfWMU=
github.com/dpinela/charseg v0.0.0-20180123184319-040dd2efc4b1 h1:57RnWj6O0oP1lSW6h85HWCoBIgQ9HilPUQf+cOJ06ro=
github.com/dpinela/charseg v0.0.0-20180123184319-040dd2efc4b1/go.mod h1:wpk2BX0l6aRmv9n5kj/RB6dvg0Aihp9or5ymqDvtUwM=
github.com/dpinela/charseg v1.0.1 h1:MvSUro7DOb7s/T/YN5jSM/lOb8nAloC1BIgfPX9/vtk=
github.com/dpinela/charseg v1.0.1/go.mod h1:wpk2BX0l6aRmv9n5kj/RB6dvg0Aihp9or5ymqDvtUwM=
github.com/fsnotify/fsnotify v1.4.7 h1:IXs+QLmnXW2CcXuY+8Mzv/fWEsPGWxqefPtCP5CnV9I=
github.com/fsnotify/fsnotify v1.4.7/go.mod h1:jwhsz4b93w/PPRr/qN1Yymfu8t87LnFCMoQvtojpjFo=
github.com/mattn/go-runewidth v0.0.2 h1:UnlwIPBGaTZfPQ6T1IGzPI0EkYAQmT9fAEJ/poFC63o=
github.com/mattn/go-runewidth v0.0.2/go.mod h1:LwmH8dsx7+W8Uxz3IHJYH5QSwggIsqBzpuz5H//U1FU=
github.com/pkg/errors v0.8.0 h1:WdK/asTD0HN+q6hsWO3/vpuAkAr+tw6aNJNDFFf0+qw=
github.com/pkg/errors v0.8.0/go.mod h1:bwawxfHBFNV+L2hUp1rHADufV3IMtnDRdf1r5NINEl0=
github.com/tajtiattila/basedir v0.0.0-20170105095306-3e9c99555635 h1:1RKtdVPsgSe5WYyijV4jMMIbYVFQUJrjgHpvgJt3m/U=
github.com/tajtiattila/basedir v0.0.0-20170105095306-3e9c99555635/go.mod h1:Pb6UgsCK0x6OvXDxZHeaFyATVi8HeQnfQKi1ZqZfGiw=
golang.org/x/crypto v0.0.0-20170925111901-847319b7fc94 h1:Fc+kVyEJ8mpvlYbj4C5ibmHVqoIVVVnI7ip3o7fFb5o=
golang.org/x/crypto v0.0.0-20170925111901-847319b7fc94/go.mod h1:6SG95UA2DQfeDnfUPMdvaQW0Q7yPrPDi9nlGo2tz2b4=
golang.org/x/sys v0.0.0-20170927054621-314a259e304f h1:iUy6hSM2lPBGm2d9HgXq1GqYPwcJvA8ihnWauXggYMs=
golang.org/x/sys v0.0.0-20170927054621-314a259e304f/go.mod h1:STP8DvDyc/dI5b8T5hshtkjS+E42TnysNCUPdjciGhY=
